// !$*UTF8*$!
{
	archiveVersion = 1;
	classes = {
	};
	objectVersion = 77;
	objects = {

/* Begin PBXContainerItemProxy section */
		D9E57E682DFC21AE00599E39 /* PBXContainerItemProxy */ = {
			isa = PBXContainerItemProxy;
			containerPortal = D9E57E4F2DFC21AD00599E39 /* Project object */;
			proxyType = 1;
			remoteGlobalIDString = D9E57E562DFC21AD00599E39;
			remoteInfo = Campus_Navigator;
		};
		D9E57E722DFC21AF00599E39 /* PBXContainerItemProxy */ = {
			isa = PBXContainerItemProxy;
			containerPortal = D9E57E4F2DFC21AD00599E39 /* Project object */;
			proxyType = 1;
			remoteGlobalIDString = D9E57E562DFC21AD00599E39;
			remoteInfo = Campus_Navigator;
		};
/* End PBXContainerItemProxy section */

/* Begin PBXFileReference section */
		D9E57E572DFC21AD00599E39 /* Campus_Navigator.app */ = {isa = PBXFileReference; explicitFileType = wrapper.application; includeInIndex = 0; path = Campus_Navigator.app; sourceTree = BUILT_PRODUCTS_DIR; };
		D9E57E672DFC21AE00599E39 /* Campus_NavigatorTests.xctest */ = {isa = PBXFileReference; explicitFileType = wrapper.cfbundle; includeInIndex = 0; path = Campus_NavigatorTests.xctest; sourceTree = BUILT_PRODUCTS_DIR; };
		D9E57E712DFC21AF00599E39 /* Campus_NavigatorUITests.xctest */ = {isa = PBXFileReference; explicitFileType = wrapper.cfbundle; includeInIndex = 0; path = Campus_NavigatorUITests.xctest; sourceTree = BUILT_PRODUCTS_DIR; };
/* End PBXFileReference section */

/* Begin PBXFileSystemSynchronizedRootGroup section */
		D9E57E592DFC21AD00599E39 /* Campus_Navigator */ = {
			isa = PBXFileSystemSynchronizedRootGroup;
			path = Campus_Navigator;
			sourceTree = "<group>";
		};
		D9E57E6A2DFC21AE00599E39 /* Campus_NavigatorTests */ = {
			isa = PBXFileSystemSynchronizedRootGroup;
			path = Campus_NavigatorTests;
			sourceTree = "<group>";
		};
		D9E57E742DFC21AF00599E39 /* Campus_NavigatorUITests */ = {
			isa = PBXFileSystemSynchronizedRootGroup;
			path = Campus_NavigatorUITests;
			sourceTree = "<group>";
		};
/* End PBXFileSystemSynchronizedRootGroup section */

/* Begin PBXFrameworksBuildPhase section */
		D9E57E542DFC21AD00599E39 /* Frameworks */ = {
			isa = PBXFrameworksBuildPhase;
			buildActionMask = 2147483647;
			files = (
			);
			runOnlyForDeploymentPostprocessing = 0;
		};
		D9E57E642DFC21AE00599E39 /* Frameworks */ = {
			isa = PBXFrameworksBuildPhase;
			buildActionMask = 2147483647;
			files = (
			);
			runOnlyForDeploymentPostprocessing = 0;
		};
		D9E57E6E2DFC21AF00599E39 /* Frameworks */ = {
			isa = PBXFrameworksBuildPhase;
			buildActionMask = 2147483647;
			files = (
			);
			runOnlyForDeploymentPostprocessing = 0;
		};
/* End PBXFrameworksBuildPhase section */

/* Begin PBXGroup section */
		D9E57E4E2DFC21AD00599E39 = {
			isa = PBXGroup;
			children = (
				D9E57E592DFC21AD00599E39 /* Campus_Navigator */,
				D9E57E6A2DFC21AE00599E39 /* Campus_NavigatorTests */,
				D9E57E742DFC21AF00599E39 /* Campus_NavigatorUITests */,
				D9E57E582DFC21AD00599E39 /* Products */,
			);
			sourceTree = "<group>";
		};
		D9E57E582DFC21AD00599E39 /* Products */ = {
			isa = PBXGroup;
			children = (
				D9E57E572DFC21AD00599E39 /* Campus_Navigator.app */,
				D9E57E672DFC21AE00599E39 /* Campus_NavigatorTests.xctest */,
				D9E57E712DFC21AF00599E39 /* Campus_NavigatorUITests.xctest */,
			);
			name = Products;
			sourceTree = "<group>";
		};
/* End PBXGroup section */

/* Begin PBXNativeTarget section */
		D9E57E562DFC21AD00599E39 /* Campus_Navigator */ = {
			isa = PBXNativeTarget;
			buildConfigurationList = D9E57E7B2DFC21AF00599E39 /* Build configuration list for PBXNativeTarget "Campus_Navigator" */;
			buildPhases = (
				D9E57E532DFC21AD00599E39 /* Sources */,
				D9E57E542DFC21AD00599E39 /* Frameworks */,
				D9E57E552DFC21AD00599E39 /* Resources */,
			);
			buildRules = (
			);
			dependencies = (
			);
			fileSystemSynchronizedGroups = (
				D9E57E592DFC21AD00599E39 /* Campus_Navigator */,
			);
			name = Campus_Navigator;
			packageProductDependencies = (
			);
			productName = Campus_Navigator;
			productReference = D9E57E572DFC21AD00599E39 /* Campus_Navigator.app */;
			productType = "com.apple.product-type.application";
		};
		D9E57E662DFC21AE00599E39 /* Campus_NavigatorTests */ = {
			isa = PBXNativeTarget;
			buildConfigurationList = D9E57E7E2DFC21AF00599E39 /* Build configuration list for PBXNativeTarget "Campus_NavigatorTests" */;
			buildPhases = (
				D9E57E632DFC21AE00599E39 /* Sources */,
				D9E57E642DFC21AE00599E39 /* Frameworks */,
				D9E57E652DFC21AE00599E39 /* Resources */,
			);
			buildRules = (
			);
			dependencies = (
				D9E57E692DFC21AE00599E39 /* PBXTargetDependency */,
			);
			fileSystemSynchronizedGroups = (
				D9E57E6A2DFC21AE00599E39 /* Campus_NavigatorTests */,
			);
			name = Campus_NavigatorTests;
			packageProductDependencies = (
			);
			productName = Campus_NavigatorTests;
			productReference = D9E57E672DFC21AE00599E39 /* Campus_NavigatorTests.xctest */;
			productType = "com.apple.product-type.bundle.unit-test";
		};
		D9E57E702DFC21AF00599E39 /* Campus_NavigatorUITests */ = {
			isa = PBXNativeTarget;
			buildConfigurationList = D9E57E812DFC21AF00599E39 /* Build configuration list for PBXNativeTarget "Campus_NavigatorUITests" */;
			buildPhases = (
				D9E57E6D2DFC21AF00599E39 /* Sources */,
				D9E57E6E2DFC21AF00599E39 /* Frameworks */,
				D9E57E6F2DFC21AF00599E39 /* Resources */,
			);
			buildRules = (
			);
			dependencies = (
				D9E57E732DFC21AF00599E39 /* PBXTargetDependency */,
			);
			fileSystemSynchronizedGroups = (
				D9E57E742DFC21AF00599E39 /* Campus_NavigatorUITests */,
			);
			name = Campus_NavigatorUITests;
			packageProductDependencies = (
			);
			productName = Campus_NavigatorUITests;
			productReference = D9E57E712DFC21AF00599E39 /* Campus_NavigatorUITests.xctest */;
			productType = "com.apple.product-type.bundle.ui-testing";
		};
/* End PBXNativeTarget section */

/* Begin PBXProject section */
		D9E57E4F2DFC21AD00599E39 /* Project object */ = {
			isa = PBXProject;
			attributes = {
				BuildIndependentTargetsInParallel = 1;
				LastSwiftUpdateCheck = 1620;
				LastUpgradeCheck = 1620;
				TargetAttributes = {
					D9E57E562DFC21AD00599E39 = {
						CreatedOnToolsVersion = 16.2;
					};
					D9E57E662DFC21AE00599E39 = {
						CreatedOnToolsVersion = 16.2;
						TestTargetID = D9E57E562DFC21AD00599E39;
					};
					D9E57E702DFC21AF00599E39 = {
						CreatedOnToolsVersion = 16.2;
						TestTargetID = D9E57E562DFC21AD00599E39;
					};
				};
			};
			buildConfigurationList = D9E57E522DFC21AD00599E39 /* Build configuration list for PBXProject "Campus_Navigator" */;
			developmentRegion = en;
			hasScannedForEncodings = 0;
			knownRegions = (
				en,
				Base,
			);
			mainGroup = D9E57E4E2DFC21AD00599E39;
			minimizedProjectReferenceProxies = 1;
			preferredProjectObjectVersion = 77;
			productRefGroup = D9E57E582DFC21AD00599E39 /* Products */;
			projectDirPath = "";
			projectRoot = "";
			targets = (
				D9E57E562DFC21AD00599E39 /* Campus_Navigator */,
				D9E57E662DFC21AE00599E39 /* Campus_NavigatorTests */,
				D9E57E702DFC21AF00599E39 /* Campus_NavigatorUITests */,
			);
		};
/* End PBXProject section */

/* Begin PBXResourcesBuildPhase section */
		D9E57E552DFC21AD00599E39 /* Resources */ = {
			isa = PBXResourcesBuildPhase;
			buildActionMask = 2147483647;
			files = (
			);
			runOnlyForDeploymentPostprocessing = 0;
		};
		D9E57E652DFC21AE00599E39 /* Resources */ = {
			isa = PBXResourcesBuildPhase;
			buildActionMask = 2147483647;
			files = (
			);
			runOnlyForDeploymentPostprocessing = 0;
		};
		D9E57E6F2DFC21AF00599E39 /* Resources */ = {
			isa = PBXResourcesBuildPhase;
			buildActionMask = 2147483647;
			files = (
			);
			runOnlyForDeploymentPostprocessing = 0;
		};
/* End PBXResourcesBuildPhase section */

/* Begin PBXSourcesBuildPhase section */
		D9E57E532DFC21AD00599E39 /* Sources */ = {
			isa = PBXSourcesBuildPhase;
			buildActionMask = 2147483647;
			files = (
			);
			runOnlyForDeploymentPostprocessing = 0;
		};
		D9E57E632DFC21AE00599E39 /* Sources */ = {
			isa = PBXSourcesBuildPhase;
			buildActionMask = 2147483647;
			files = (
			);
			runOnlyForDeploymentPostprocessing = 0;
		};
		D9E57E6D2DFC21AF00599E39 /* Sources */ = {
			isa = PBXSourcesBuildPhase;
			buildActionMask = 2147483647;
			files = (
			);
			runOnlyForDeploymentPostprocessing = 0;
		};
/* End PBXSourcesBuildPhase section */

/* Begin PBXTargetDependency section */
		D9E57E692DFC21AE00599E39 /* PBXTargetDependency */ = {
			isa = PBXTargetDependency;
			target = D9E57E562DFC21AD00599E39 /* Campus_Navigator */;
			targetProxy = D9E57E682DFC21AE00599E39 /* PBXContainerItemProxy */;
		};
		D9E57E732DFC21AF00599E39 /* PBXTargetDependency */ = {
			isa = PBXTargetDependency;
			target = D9E57E562DFC21AD00599E39 /* Campus_Navigator */;
			targetProxy = D9E57E722DFC21AF00599E39 /* PBXContainerItemProxy */;
		};
/* End PBXTargetDependency section */

/* Begin XCBuildConfiguration section */
		D9E57E792DFC21AF00599E39 /* Debug */ = {
			isa = XCBuildConfiguration;
			buildSettings = {
				ALWAYS_SEARCH_USER_PATHS = NO;
				ASSETCATALOG_COMPILER_GENERATE_SWIFT_ASSET_SYMBOL_EXTENSIONS = YES;
				CLANG_ANALYZER_NONNULL = YES;
				CLANG_ANALYZER_NUMBER_OBJECT_CONVERSION = YES_AGGRESSIVE;
				CLANG_CXX_LANGUAGE_STANDARD = "gnu++20";
				CLANG_ENABLE_MODULES = YES;
				CLANG_ENABLE_OBJC_ARC = YES;
				CLANG_ENABLE_OBJC_WEAK = YES;
				CLANG_WARN_BLOCK_CAPTURE_AUTORELEASING = YES;
				CLANG_WARN_BOOL_CONVERSION = YES;
				CLANG_WARN_COMMA = YES;
				CLANG_WARN_CONSTANT_CONVERSION = YES;
				CLANG_WARN_DEPRECATED_OBJC_IMPLEMENTATIONS = YES;
				CLANG_WARN_DIRECT_OBJC_ISA_USAGE = YES_ERROR;
				CLANG_WARN_DOCUMENTATION_COMMENTS = YES;
				CLANG_WARN_EMPTY_BODY = YES;
				CLANG_WARN_ENUM_CONVERSION = YES;
				CLANG_WARN_INFINITE_RECURSION = YES;
				CLANG_WARN_INT_CONVERSION = YES;
				CLANG_WARN_NON_LITERAL_NULL_CONVERSION = YES;
				CLANG_WARN_OBJC_IMPLICIT_RETAIN_SELF = YES;
				CLANG_WARN_OBJC_LITERAL_CONVERSION = YES;
				CLANG_WARN_OBJC_ROOT_CLASS = YES_ERROR;
				CLANG_WARN_QUOTED_INCLUDE_IN_FRAMEWORK_HEADER = YES;
				CLANG_WARN_RANGE_LOOP_ANALYSIS = YES;
				CLANG_WARN_STRICT_PROTOTYPES = YES;
				CLANG_WARN_SUSPICIOUS_MOVE = YES;
				CLANG_WARN_UNGUARDED_AVAILABILITY = YES_AGGRESSIVE;
				CLANG_WARN_UNREACHABLE_CODE = YES;
				CLANG_WARN__DUPLICATE_METHOD_MATCH = YES;
				COPY_PHASE_STRIP = NO;
				DEBUG_INFORMATION_FORMAT = dwarf;
				ENABLE_STRICT_OBJC_MSGSEND = YES;
				ENABLE_TESTABILITY = YES;
				ENABLE_USER_SCRIPT_SANDBOXING = YES;
				GCC_C_LANGUAGE_STANDARD = gnu17;
				GCC_DYNAMIC_NO_PIC = NO;
				GCC_NO_COMMON_BLOCKS = YES;
				GCC_OPTIMIZATION_LEVEL = 0;
				GCC_PREPROCESSOR_DEFINITIONS = (
					"DEBUG=1",
					"$(inherited)",
				);
				GCC_WARN_64_TO_32_BIT_CONVERSION = YES;
				GCC_WARN_ABOUT_RETURN_TYPE = YES_ERROR;
				GCC_WARN_UNDECLARED_SELECTOR = YES;
				GCC_WARN_UNINITIALIZED_AUTOS = YES_AGGRESSIVE;
				GCC_WARN_UNUSED_FUNCTION = YES;
				GCC_WARN_UNUSED_VARIABLE = YES;
				IPHONEOS_DEPLOYMENT_TARGET = 18.2;
				LOCALIZATION_PREFERS_STRING_CATALOGS = YES;
				MTL_ENABLE_DEBUG_INFO = INCLUDE_SOURCE;
				MTL_FAST_MATH = YES;
				ONLY_ACTIVE_ARCH = YES;
				SDKROOT = iphoneos;
				SWIFT_ACTIVE_COMPILATION_CONDITIONS = "DEBUG $(inherited)";
				SWIFT_OPTIMIZATION_LEVEL = "-Onone";
			};
			name = Debug;
		};
		D9E57E7A2DFC21AF00599E39 /* Release */ = {
			isa = XCBuildConfiguration;
			buildSettings = {
				ALWAYS_SEARCH_USER_PATHS = NO;
				ASSETCATALOG_COMPILER_GENERATE_SWIFT_ASSET_SYMBOL_EXTENSIONS = YES;
				CLANG_ANALYZER_NONNULL = YES;
				CLANG_ANALYZER_NUMBER_OBJECT_CONVERSION = YES_AGGRESSIVE;
				CLANG_CXX_LANGUAGE_STANDARD = "gnu++20";
				CLANG_ENABLE_MODULES = YES;
				CLANG_ENABLE_OBJC_ARC = YES;
				CLANG_ENABLE_OBJC_WEAK = YES;
				CLANG_WARN_BLOCK_CAPTURE_AUTORELEASING = YES;
				CLANG_WARN_BOOL_CONVERSION = YES;
				CLANG_WARN_COMMA = YES;
				CLANG_WARN_CONSTANT_CONVERSION = YES;
				CLANG_WARN_DEPRECATED_OBJC_IMPLEMENTATIONS = YES;
				CLANG_WARN_DIRECT_OBJC_ISA_USAGE = YES_ERROR;
				CLANG_WARN_DOCUMENTATION_COMMENTS = YES;
				CLANG_WARN_EMPTY_BODY = YES;
				CLANG_WARN_ENUM_CONVERSION = YES;
				CLANG_WARN_INFINITE_RECURSION = YES;
				CLANG_WARN_INT_CONVERSION = YES;
				CLANG_WARN_NON_LITERAL_NULL_CONVERSION = YES;
				CLANG_WARN_OBJC_IMPLICIT_RETAIN_SELF = YES;
				CLANG_WARN_OBJC_LITERAL_CONVERSION = YES;
				CLANG_WARN_OBJC_ROOT_CLASS = YES_ERROR;
				CLANG_WARN_QUOTED_INCLUDE_IN_FRAMEWORK_HEADER = YES;
				CLANG_WARN_RANGE_LOOP_ANALYSIS = YES;
				CLANG_WARN_STRICT_PROTOTYPES = YES;
				CLANG_WARN_SUSPICIOUS_MOVE = YES;
				CLANG_WARN_UNGUARDED_AVAILABILITY = YES_AGGRESSIVE;
				CLANG_WARN_UNREACHABLE_CODE = YES;
				CLANG_WARN__DUPLICATE_METHOD_MATCH = YES;
				COPY_PHASE_STRIP = NO;
				DEBUG_INFORMATION_FORMAT = "dwarf-with-dsym";
				ENABLE_NS_ASSERTIONS = NO;
				ENABLE_STRICT_OBJC_MSGSEND = YES;
				ENABLE_USER_SCRIPT_SANDBOXING = YES;
				GCC_C_LANGUAGE_STANDARD = gnu17;
				GCC_NO_COMMON_BLOCKS = YES;
				GCC_WARN_64_TO_32_BIT_CONVERSION = YES;
				GCC_WARN_ABOUT_RETURN_TYPE = YES_ERROR;
				GCC_WARN_UNDECLARED_SELECTOR = YES;
				GCC_WARN_UNINITIALIZED_AUTOS = YES_AGGRESSIVE;
				GCC_WARN_UNUSED_FUNCTION = YES;
				GCC_WARN_UNUSED_VARIABLE = YES;
				IPHONEOS_DEPLOYMENT_TARGET = 18.2;
				LOCALIZATION_PREFERS_STRING_CATALOGS = YES;
				MTL_ENABLE_DEBUG_INFO = NO;
				MTL_FAST_MATH = YES;
				SDKROOT = iphoneos;
				SWIFT_COMPILATION_MODE = wholemodule;
				VALIDATE_PRODUCT = YES;
			};
			name = Release;
		};
		D9E57E7C2DFC21AF00599E39 /* Debug */ = {
			isa = XCBuildConfiguration;
			buildSettings = {
				ASSETCATALOG_COMPILER_APPICON_NAME = AppIcon;
				ASSETCATALOG_COMPILER_GLOBAL_ACCENT_COLOR_NAME = AccentColor;
				CODE_SIGN_STYLE = Automatic;
				CURRENT_PROJECT_VERSION = 1;
				DEVELOPMENT_ASSET_PATHS = "\"Campus_Navigator/Preview Content\"";
				ENABLE_PREVIEWS = YES;
				GENERATE_INFOPLIST_FILE = YES;
				INFOPLIST_KEY_UIApplicationSceneManifest_Generation = YES;
				INFOPLIST_KEY_UIApplicationSupportsIndirectInputEvents = YES;
				INFOPLIST_KEY_UILaunchScreen_Generation = YES;
				INFOPLIST_KEY_UISupportedInterfaceOrientations_iPad = "UIInterfaceOrientationPortrait UIInterfaceOrientationPortraitUpsideDown UIInterfaceOrientationLandscapeLeft UIInterfaceOrientationLandscapeRight";
				INFOPLIST_KEY_UISupportedInterfaceOrientations_iPhone = "UIInterfaceOrientationPortrait UIInterfaceOrientationLandscapeLeft UIInterfaceOrientationLandscapeRight";
				LD_RUNPATH_SEARCH_PATHS = (
					"$(inherited)",
					"@executable_path/Frameworks",
				);
				MARKETING_VERSION = 1.0;
				PRODUCT_BUNDLE_IDENTIFIER = "pavani-012.Campus-Navigator";
				PRODUCT_NAME = "$(TARGET_NAME)";
				SWIFT_EMIT_LOC_STRINGS = YES;
				SWIFT_VERSION = 5.0;
				TARGETED_DEVICE_FAMILY = "1,2";
			};
			name = Debug;
		};
		D9E57E7D2DFC21AF00599E39 /* Release */ = {
			isa = XCBuildConfiguration;
			buildSettings = {
				ASSETCATALOG_COMPILER_APPICON_NAME = AppIcon;
				ASSETCATALOG_COMPILER_GLOBAL_ACCENT_COLOR_NAME = AccentColor;
				CODE_SIGN_STYLE = Automatic;
				CURRENT_PROJECT_VERSION = 1;
				DEVELOPMENT_ASSET_PATHS = "\"Campus_Navigator/Preview Content\"";
				ENABLE_PREVIEWS = YES;
				GENERATE_INFOPLIST_FILE = YES;
				INFOPLIST_KEY_UIApplicationSceneManifest_Generation = YES;
				INFOPLIST_KEY_UIApplicationSupportsIndirectInputEvents = YES;
				INFOPLIST_KEY_UILaunchScreen_Generation = YES;
				INFOPLIST_KEY_UISupportedInterfaceOrientations_iPad = "UIInterfaceOrientationPortrait UIInterfaceOrientationPortraitUpsideDown UIInterfaceOrientationLandscapeLeft UIInterfaceOrientationLandscapeRight";
				INFOPLIST_KEY_UISupportedInterfaceOrientations_iPhone = "UIInterfaceOrientationPortrait UIInterfaceOrientationLandscapeLeft UIInterfaceOrientationLandscapeRight";
				LD_RUNPATH_SEARCH_PATHS = (
					"$(inherited)",
					"@executable_path/Frameworks",
				);
				MARKETING_VERSION = 1.0;
				PRODUCT_BUNDLE_IDENTIFIER = "pavani-012.Campus-Navigator";
				PRODUCT_NAME = "$(TARGET_NAME)";
				SWIFT_EMIT_LOC_STRINGS = YES;
				SWIFT_VERSION = 5.0;
				TARGETED_DEVICE_FAMILY = "1,2";
			};
			name = Release;
		};
		D9E57E7F2DFC21AF00599E39 /* Debug */ = {
			isa = XCBuildConfiguration;
			buildSettings = {
				BUNDLE_LOADER = "$(TEST_HOST)";
				CODE_SIGN_STYLE = Automatic;
				CURRENT_PROJECT_VERSION = 1;
				GENERATE_INFOPLIST_FILE = YES;
				IPHONEOS_DEPLOYMENT_TARGET = 18.2;
				MARKETING_VERSION = 1.0;
				PRODUCT_BUNDLE_IDENTIFIER = "pavani-012.Campus-NavigatorTests";
				PRODUCT_NAME = "$(TARGET_NAME)";
				SWIFT_EMIT_LOC_STRINGS = NO;
				SWIFT_VERSION = 5.0;
				TARGETED_DEVICE_FAMILY = "1,2";
				TEST_HOST = "$(BUILT_PRODUCTS_DIR)/Campus_Navigator.app/$(BUNDLE_EXECUTABLE_FOLDER_PATH)/Campus_Navigator";
			};
			name = Debug;
		};
		D9E57E802DFC21AF00599E39 /* Release */ = {
			isa = XCBuildConfiguration;
			buildSettings = {
				BUNDLE_LOADER = "$(TEST_HOST)";
				CODE_SIGN_STYLE = Automatic;
				CURRENT_PROJECT_VERSION = 1;
				GENERATE_INFOPLIST_FILE = YES;
				IPHONEOS_DEPLOYMENT_TARGET = 18.2;
				MARKETING_VERSION = 1.0;
				PRODUCT_BUNDLE_IDENTIFIER = "pavani-012.Campus-NavigatorTests";
				PRODUCT_NAME = "$(TARGET_NAME)";
				SWIFT_EMIT_LOC_STRINGS = NO;
				SWIFT_VERSION = 5.0;
				TARGETED_DEVICE_FAMILY = "1,2";
				TEST_HOST = "$(BUILT_PRODUCTS_DIR)/Campus_Navigator.app/$(BUNDLE_EXECUTABLE_FOLDER_PATH)/Campus_Navigator";
			};
			name = Release;
		};
		D9E57E822DFC21AF00599E39 /* Debug */ = {
			isa = XCBuildConfiguration;
			buildSettings = {
				CODE_SIGN_STYLE = Automatic;
				CURRENT_PROJECT_VERSION = 1;
				GENERATE_INFOPLIST_FILE = YES;
				MARKETING_VERSION = 1.0;
				PRODUCT_BUNDLE_IDENTIFIER = "pavani-012.Campus-NavigatorUITests";
				PRODUCT_NAME = "$(TARGET_NAME)";
				SWIFT_EMIT_LOC_STRINGS = NO;
				SWIFT_VERSION = 5.0;
				TARGETED_DEVICE_FAMILY = "1,2";
				TEST_TARGET_NAME = Campus_Navigator;
			};
			name = Debug;
		};
		D9E57E832DFC21AF00599E39 /* Release */ = {
			isa = XCBuildConfiguration;
			buildSettings = {
				CODE_SIGN_STYLE = Automatic;
				CURRENT_PROJECT_VERSION = 1;
				GENERATE_INFOPLIST_FILE = YES;
				MARKETING_VERSION = 1.0;
				PRODUCT_BUNDLE_IDENTIFIER = "pavani-012.Campus-NavigatorUITests";
				PRODUCT_NAME = "$(TARGET_NAME)";
				SWIFT_EMIT_LOC_STRINGS = NO;
				SWIFT_VERSION = 5.0;
				TARGETED_DEVICE_FAMILY = "1,2";
				TEST_TARGET_NAME = Campus_Navigator;
			};
			name = Release;
		};
/* End XCBuildConfiguration section */

/* Begin XCConfigurationList section */
		D9E57E522DFC21AD00599E39 /* Build configuration list for PBXProject "Campus_Navigator" */ = {
			isa = XCConfigurationList;
			buildConfigurations = (
				D9E57E792DFC21AF00599E39 /* Debug */,
				D9E57E7A2DFC21AF00599E39 /* Release */,
			);
			defaultConfigurationIsVisible = 0;
			defaultConfigurationName = Release;
		};
		D9E57E7B2DFC21AF00599E39 /* Build configuration list for PBXNativeTarget "Campus_Navigator" */ = {
			isa = XCConfigurationList;
			buildConfigurations = (
				D9E57E7C2DFC21AF00599E39 /* Debug */,
				D9E57E7D2DFC21AF00599E39 /* Release */,
			);
			defaultConfigurationIsVisible = 0;
			defaultConfigurationName = Release;
		};
		D9E57E7E2DFC21AF00599E39 /* Build configuration list for PBXNativeTarget "Campus_NavigatorTests" */ = {
			isa = XCConfigurationList;
			buildConfigurations = (
				D9E57E7F2DFC21AF00599E39 /* Debug */,
				D9E57E802DFC21AF00599E39 /* Release */,
			);
			defaultConfigurationIsVisible = 0;
			defaultConfigurationName = Release;
		};
		D9E57E812DFC21AF00599E39 /* Build configuration list for PBXNativeTarget "Campus_NavigatorUITests" */ = {
			isa = XCConfigurationList;
			buildConfigurations = (
				D9E57E822DFC21AF00599E39 /* Debug */,
				D9E57E832DFC21AF00599E39 /* Release */,
			);
			defaultConfigurationIsVisible = 0;
			defaultConfigurationName = Release;
		};
/* End XCConfigurationList section */
	};
	rootObject = D9E57E4F2DFC21AD00599E39 /* Project object */;
}
